
Microsoft Visual Studio Solution File, Format Version 12.00
# Visual Studio Version 17
VisualStudioVersion = 17.4.33110.190
MinimumVisualStudioVersion = 10.0.40219.1
Project("{9A19103F-16F7-4668-BE54-9A1E7A4F7556}") = "PATRONESAPP", "PATRONESAPP.csproj", "{9ACB8F50-BD65-407A-9774-EBCF053499ED}"
EndProject
Project("{2150E333-8FDC-42A3-9474-1A3956D46DE8}") = "Codigo", "Codigo", "{BAF81269-FD8E-422C-8D62-0D1757B18B59}"
	ProjectSection(SolutionItems) = preProject
		Código.txt = Código.txt
	EndProjectSection
EndProject
Project("{9A19103F-16F7-4668-BE54-9A1E7A4F7556}") = "CORE", "..\CORE\CORE.csproj", "{1FFE9070-E320-44EF-9A20-C6209652BFB9}"
EndProject
Project("{9A19103F-16F7-4668-BE54-9A1E7A4F7556}") = "Infraestructura", "..\Context\Infraestructura.csproj", "{A419F1A6-6A53-4452-B3EF-2838EFE74025}"
EndProject
Global
	GlobalSection(SolutionConfigurationPlatforms) = preSolution
		Debug|Any CPU = Debug|Any CPU
		Release|Any CPU = Release|Any CPU
	EndGlobalSection
	GlobalSection(ProjectConfigurationPlatforms) = postSolution
		{9ACB8F50-BD65-407A-9774-EBCF053499ED}.Debug|Any CPU.ActiveCfg = Debug|Any CPU
		{9ACB8F50-BD65-407A-9774-EBCF053499ED}.Debug|Any CPU.Build.0 = Debug|Any CPU
		{9ACB8F50-BD65-407A-9774-EBCF053499ED}.Release|Any CPU.ActiveCfg = Release|Any CPU
		{9ACB8F50-BD65-407A-9774-EBCF053499ED}.Release|Any CPU.Build.0 = Release|Any CPU
		{1FFE9070-E320-44EF-9A20-C6209652BFB9}.Debug|Any CPU.ActiveCfg = Debug|Any CPU
		{1FFE9070-E320-44EF-9A20-C6209652BFB9}.Debug|Any CPU.Build.0 = Debug|Any CPU
		{1FFE9070-E320-44EF-9A20-C6209652BFB9}.Release|Any CPU.ActiveCfg = Release|Any CPU
		{1FFE9070-E320-44EF-9A20-C6209652BFB9}.Release|Any CPU.Build.0 = Release|Any CPU
		{A419F1A6-6A53-4452-B3EF-2838EFE74025}.Debug|Any CPU.ActiveCfg = Debug|Any CPU
		{A419F1A6-6A53-4452-B3EF-2838EFE74025}.Debug|Any CPU.Build.0 = Debug|Any CPU
		{A419F1A6-6A53-4452-B3EF-2838EFE74025}.Release|Any CPU.ActiveCfg = Release|Any CPU
		{A419F1A6-6A53-4452-B3EF-2838EFE74025}.Release|Any CPU.Build.0 = Release|Any CPU
	EndGlobalSection
	GlobalSection(SolutionProperties) = preSolution
		HideSolutionNode = FALSE
	EndGlobalSection
	GlobalSection(ExtensibilityGlobals) = postSolution
		SolutionGuid = {9A27B23A-FFC8-4EE2-8CF1-56F6738F43A8}
	EndGlobalSection
EndGlobal
